<?xml version="1.0" encoding="utf-8"?>
<Project ToolsVersion="4.0" xmlns="http://schemas.microsoft.com/developer/msbuild/2003">
  <ItemGroup>
    <ClCompile Include="APP\app.cpp">
      <Filter>Source Files</Filter>
    </ClCompile>
    <ClCompile Include="COMMON\base.cpp">
      <Filter>Source Files</Filter>
    </ClCompile>
    <ClCompile Include="APP\main.cpp">
      <Filter>Source Files</Filter>
    </ClCompile>
    <ClCompile Include="WINDOWS\mainwindow.cpp">
      <Filter>Source Files</Filter>
    </ClCompile>
    <ClCompile Include="MODEL\Model.cpp">
      <Filter>Source Files</Filter>
    </ClCompile>
    <ClCompile Include="COMMON\param.cpp">
      <Filter>Source Files</Filter>
    </ClCompile>
    <ClCompile Include="VIEWMODEL\sinks\ViewModelSink.cpp">
      <Filter>Source Files</Filter>
    </ClCompile>
    <ClCompile Include="VIEWMODEL\viewmodel.cpp">
      <Filter>Source Files</Filter>
    </ClCompile>
    <ClCompile Include="WINDOWS\sinks\updateSink.cpp">
      <Filter>Source Files</Filter>
    </ClCompile>
    <ClCompile Include="WINDOWS\sinks\runSink.cpp">
      <Filter>Source Files</Filter>
    </ClCompile>
    <ClCompile Include="VIEWMODEL\command\RunFitCommand.cpp">
      <Filter>Source Files</Filter>
    </ClCompile>
  </ItemGroup>
  <ItemGroup>
    <ClInclude Include="APP\app.h">
      <Filter>Header Files</Filter>
    </ClInclude>
    <ClInclude Include="COMMON\base.h">
      <Filter>Header Files</Filter>
    </ClInclude>
    <ClInclude Include="COMMON\etlbase.h">
      <Filter>Header Files</Filter>
    </ClInclude>
    <ClInclude Include="MODEL\Model.h">
      <Filter>Header Files</Filter>
    </ClInclude>
    <ClInclude Include="VIEWMODEL\viewmodel.h">
      <Filter>Header Files</Filter>
    </ClInclude>
    <ClInclude Include="VIEWMODEL\sinks\ViewModelSink.h">
      <Filter>Header Files</Filter>
    </ClInclude>
    <ClInclude Include="COMMON\param.h">
      <Filter>Header Files</Filter>
    </ClInclude>
    <ClInclude Include="WINDOWS\sinks\updateSink.h">
      <Filter>Header Files</Filter>
    </ClInclude>
    <ClInclude Include="WINDOWS\sinks\runSink.h">
      <Filter>Header Files</Filter>
    </ClInclude>
    <ClInclude Include="VIEWMODEL\command\RunFitCommand.h">
      <Filter>Header Files</Filter>
    </ClInclude>
  </ItemGroup>
  <ItemGroup>
    <ResourceCompile Include="OPCF.rc" />
  </ItemGroup>
  <ItemGroup>
    <QtRcc Include="OPCF.qrc" />
  </ItemGroup>
  <ItemGroup>
    <QtUic Include="WINDOWS/mainwindow.ui" />
  </ItemGroup>
  <ItemGroup>
    <Filter Include="Header Files">
      <UniqueIdentifier>{93995380-89BD-4b04-88EB-625FBE52EBFB}</UniqueIdentifier>
      <Extensions>h;hh;hpp;hxx;hm;inl;inc;xsd</Extensions>
      <ParseFiles>true</ParseFiles>
    </Filter>
    <Filter Include="Source Files">
      <UniqueIdentifier>{4FC737F1-C7A5-4376-A066-2A32D752A2FF}</UniqueIdentifier>
      <Extensions>cpp;c;cc;cxx;def;odl;idl;hpj;bat;asm;asmx</Extensions>
      <ParseFiles>true</ParseFiles>
    </Filter>
  </ItemGroup>
  <ItemGroup>
    <QtMoc Include="WINDOWS\mainwindow.h">
      <Filter>Header Files</Filter>
    </QtMoc>
  </ItemGroup>
</Project>